
Microsoft Visual Studio Solution File, Format Version 12.00
# Visual Studio Version 17
VisualStudioVersion = 17.0.32126.317
MinimumVisualStudioVersion = 10.0.40219.1
Project("{9A19103F-16F7-4668-BE54-9A1E7A4F7556}") = "Reginald", "Reginald\Reginald.csproj", "{63A87227-84C2-491D-AF70-DCC857E77B81}"
EndProject
Project("{2150E333-8FDC-42A3-9474-1A3956D46DE8}") = "Solution Items", "Solution Items", "{E1D9E0FA-5B35-480A-8779-B953A552E8D2}"
	ProjectSection(SolutionItems) = preProject
		.editorconfig = .editorconfig
		LICENSE = LICENSE
		README.md = README.md
	EndProjectSection
EndProject
Project("{9A19103F-16F7-4668-BE54-9A1E7A4F7556}") = "Reginald.Tests", "Reginald.Tests\Reginald.Tests.csproj", "{30CB1C5A-1748-488F-9972-13FB8BBF6FA7}"
EndProject
Project("{9A19103F-16F7-4668-BE54-9A1E7A4F7556}") = "Reginald.Core", "Reginald.Core\Reginald.Core.csproj", "{5DBBA98E-67EF-401E-B330-D67A5A5DDE8F}"
EndProject
Project("{54435603-DBB4-11D2-8724-00A0C9A8B90C}") = "Reginald.Installer", "Reginald.Installer\Reginald.Installer.vdproj", "{3DF08C09-9D07-4DD6-B92C-22EB8A245348}"
EndProject
Project("{9A19103F-16F7-4668-BE54-9A1E7A4F7556}") = "Reginald.Services", "Reginald.Services\Reginald.Services.csproj", "{B19B52ED-1942-4DBC-B5AD-993B7409C0F7}"
EndProject
Global
	GlobalSection(SolutionConfigurationPlatforms) = preSolution
		Debug|Any CPU = Debug|Any CPU
		Debug|ARM = Debug|ARM
		Debug|ARM64 = Debug|ARM64
		Debug|x64 = Debug|x64
		Debug|x86 = Debug|x86
		Release|Any CPU = Release|Any CPU
		Release|ARM = Release|ARM
		Release|ARM64 = Release|ARM64
		Release|x64 = Release|x64
		Release|x86 = Release|x86
	EndGlobalSection
	GlobalSection(ProjectConfigurationPlatforms) = postSolution
		{63A87227-84C2-491D-AF70-DCC857E77B81}.Debug|Any CPU.ActiveCfg = Debug|Any CPU
		{63A87227-84C2-491D-AF70-DCC857E77B81}.Debug|Any CPU.Build.0 = Debug|Any CPU
		{63A87227-84C2-491D-AF70-DCC857E77B81}.Debug|ARM.ActiveCfg = Debug|Any CPU
		{63A87227-84C2-491D-AF70-DCC857E77B81}.Debug|ARM.Build.0 = Debug|Any CPU
		{63A87227-84C2-491D-AF70-DCC857E77B81}.Debug|ARM64.ActiveCfg = Debug|Any CPU
		{63A87227-84C2-491D-AF70-DCC857E77B81}.Debug|ARM64.Build.0 = Debug|Any CPU
		{63A87227-84C2-491D-AF70-DCC857E77B81}.Debug|x64.ActiveCfg = Debug|Any CPU
		{63A87227-84C2-491D-AF70-DCC857E77B81}.Debug|x64.Build.0 = Debug|Any CPU
		{63A87227-84C2-491D-AF70-DCC857E77B81}.Debug|x86.ActiveCfg = Debug|Any CPU
		{63A87227-84C2-491D-AF70-DCC857E77B81}.Debug|x86.Build.0 = Debug|Any CPU
		{63A87227-84C2-491D-AF70-DCC857E77B81}.Release|Any CPU.ActiveCfg = Release|Any CPU
		{63A87227-84C2-491D-AF70-DCC857E77B81}.Release|Any CPU.Build.0 = Release|Any CPU
		{63A87227-84C2-491D-AF70-DCC857E77B81}.Release|ARM.ActiveCfg = Release|Any CPU
		{63A87227-84C2-491D-AF70-DCC857E77B81}.Release|ARM.Build.0 = Release|Any CPU
		{63A87227-84C2-491D-AF70-DCC857E77B81}.Release|ARM64.ActiveCfg = Release|Any CPU
		{63A87227-84C2-491D-AF70-DCC857E77B81}.Release|ARM64.Build.0 = Release|Any CPU
		{63A87227-84C2-491D-AF70-DCC857E77B81}.Release|x64.ActiveCfg = Release|Any CPU
		{63A87227-84C2-491D-AF70-DCC857E77B81}.Release|x64.Build.0 = Release|Any CPU
		{63A87227-84C2-491D-AF70-DCC857E77B81}.Release|x86.ActiveCfg = Release|Any CPU
		{63A87227-84C2-491D-AF70-DCC857E77B81}.Release|x86.Build.0 = Release|Any CPU
		{30CB1C5A-1748-488F-9972-13FB8BBF6FA7}.Debug|Any CPU.ActiveCfg = Debug|Any CPU
		{30CB1C5A-1748-488F-9972-13FB8BBF6FA7}.Debug|Any CPU.Build.0 = Debug|Any CPU
		{30CB1C5A-1748-488F-9972-13FB8BBF6FA7}.Debug|ARM.ActiveCfg = Debug|Any CPU
		{30CB1C5A-1748-488F-9972-13FB8BBF6FA7}.Debug|ARM.Build.0 = Debug|Any CPU
		{30CB1C5A-1748-488F-9972-13FB8BBF6FA7}.Debug|ARM64.ActiveCfg = Debug|Any CPU
		{30CB1C5A-1748-488F-9972-13FB8BBF6FA7}.Debug|ARM64.Build.0 = Debug|Any CPU
		{30CB1C5A-1748-488F-9972-13FB8BBF6FA7}.Debug|x64.ActiveCfg = Debug|Any CPU
		{30CB1C5A-1748-488F-9972-13FB8BBF6FA7}.Debug|x64.Build.0 = Debug|Any CPU
		{30CB1C5A-1748-488F-9972-13FB8BBF6FA7}.Debug|x86.ActiveCfg = Debug|Any CPU
		{30CB1C5A-1748-488F-9972-13FB8BBF6FA7}.Debug|x86.Build.0 = Debug|Any CPU
		{30CB1C5A-1748-488F-9972-13FB8BBF6FA7}.Release|Any CPU.ActiveCfg = Release|Any CPU
		{30CB1C5A-1748-488F-9972-13FB8BBF6FA7}.Release|Any CPU.Build.0 = Release|Any CPU
		{30CB1C5A-1748-488F-9972-13FB8BBF6FA7}.Release|ARM.ActiveCfg = Release|Any CPU
		{30CB1C5A-1748-488F-9972-13FB8BBF6FA7}.Release|ARM.Build.0 = Release|Any CPU
		{30CB1C5A-1748-488F-9972-13FB8BBF6FA7}.Release|ARM64.ActiveCfg = Release|Any CPU
		{30CB1C5A-1748-488F-9972-13FB8BBF6FA7}.Release|ARM64.Build.0 = Release|Any CPU
		{30CB1C5A-1748-488F-9972-13FB8BBF6FA7}.Release|x64.ActiveCfg = Release|Any CPU
		{30CB1C5A-1748-488F-9972-13FB8BBF6FA7}.Release|x64.Build.0 = Release|Any CPU
		{30CB1C5A-1748-488F-9972-13FB8BBF6FA7}.Release|x86.ActiveCfg = Release|Any CPU
		{30CB1C5A-1748-488F-9972-13FB8BBF6FA7}.Release|x86.Build.0 = Release|Any CPU
		{5DBBA98E-67EF-401E-B330-D67A5A5DDE8F}.Debug|Any CPU.ActiveCfg = Debug|Any CPU
		{5DBBA98E-67EF-401E-B330-D67A5A5DDE8F}.Debug|Any CPU.Build.0 = Debug|Any CPU
		{5DBBA98E-67EF-401E-B330-D67A5A5DDE8F}.Debug|ARM.ActiveCfg = Debug|Any CPU
		{5DBBA98E-67EF-401E-B330-D67A5A5DDE8F}.Debug|ARM.Build.0 = Debug|Any CPU
		{5DBBA98E-67EF-401E-B330-D67A5A5DDE8F}.Debug|ARM64.ActiveCfg = Debug|Any CPU
		{5DBBA98E-67EF-401E-B330-D67A5A5DDE8F}.Debug|ARM64.Build.0 = Debug|Any CPU
		{5DBBA98E-67EF-401E-B330-D67A5A5DDE8F}.Debug|x64.ActiveCfg = Debug|Any CPU
		{5DBBA98E-67EF-401E-B330-D67A5A5DDE8F}.Debug|x64.Build.0 = Debug|Any CPU
		{5DBBA98E-67EF-401E-B330-D67A5A5DDE8F}.Debug|x86.ActiveCfg = Debug|Any CPU
		{5DBBA98E-67EF-401E-B330-D67A5A5DDE8F}.Debug|x86.Build.0 = Debug|Any CPU
		{5DBBA98E-67EF-401E-B330-D67A5A5DDE8F}.Release|Any CPU.ActiveCfg = Release|Any CPU
		{5DBBA98E-67EF-401E-B330-D67A5A5DDE8F}.Release|Any CPU.Build.0 = Release|Any CPU
		{5DBBA98E-67EF-401E-B330-D67A5A5DDE8F}.Release|ARM.ActiveCfg = Release|Any CPU
		{5DBBA98E-67EF-401E-B330-D67A5A5DDE8F}.Release|ARM.Build.0 = Release|Any CPU
		{5DBBA98E-67EF-401E-B330-D67A5A5DDE8F}.Release|ARM64.ActiveCfg = Release|Any CPU
		{5DBBA98E-67EF-401E-B330-D67A5A5DDE8F}.Release|ARM64.Build.0 = Release|Any CPU
		{5DBBA98E-67EF-401E-B330-D67A5A5DDE8F}.Release|x64.ActiveCfg = Release|Any CPU
		{5DBBA98E-67EF-401E-B330-D67A5A5DDE8F}.Release|x64.Build.0 = Release|Any CPU
		{5DBBA98E-67EF-401E-B330-D67A5A5DDE8F}.Release|x86.ActiveCfg = Release|Any CPU
		{5DBBA98E-67EF-401E-B330-D67A5A5DDE8F}.Release|x86.Build.0 = Release|Any CPU
		{3DF08C09-9D07-4DD6-B92C-22EB8A245348}.Debug|Any CPU.ActiveCfg = Debug
		{3DF08C09-9D07-4DD6-B92C-22EB8A245348}.Debug|ARM.ActiveCfg = Debug
		{3DF08C09-9D07-4DD6-B92C-22EB8A245348}.Debug|ARM.Build.0 = Debug
		{3DF08C09-9D07-4DD6-B92C-22EB8A245348}.Debug|ARM64.ActiveCfg = Debug
		{3DF08C09-9D07-4DD6-B92C-22EB8A245348}.Debug|ARM64.Build.0 = Debug
		{3DF08C09-9D07-4DD6-B92C-22EB8A245348}.Debug|x64.ActiveCfg = Debug
		{3DF08C09-9D07-4DD6-B92C-22EB8A245348}.Debug|x86.ActiveCfg = Debug
		{3DF08C09-9D07-4DD6-B92C-22EB8A245348}.Debug|x86.Build.0 = Debug
		{3DF08C09-9D07-4DD6-B92C-22EB8A245348}.Release|Any CPU.ActiveCfg = Release
		{3DF08C09-9D07-4DD6-B92C-22EB8A245348}.Release|ARM.ActiveCfg = Release
		{3DF08C09-9D07-4DD6-B92C-22EB8A245348}.Release|ARM.Build.0 = Release
		{3DF08C09-9D07-4DD6-B92C-22EB8A245348}.Release|ARM64.ActiveCfg = Release
		{3DF08C09-9D07-4DD6-B92C-22EB8A245348}.Release|ARM64.Build.0 = Release
		{3DF08C09-9D07-4DD6-B92C-22EB8A245348}.Release|x64.ActiveCfg = Release
		{3DF08C09-9D07-4DD6-B92C-22EB8A245348}.Release|x86.ActiveCfg = Release
		{3DF08C09-9D07-4DD6-B92C-22EB8A245348}.Release|x86.Build.0 = Release
		{B19B52ED-1942-4DBC-B5AD-993B7409C0F7}.Debug|Any CPU.ActiveCfg = Debug|Any CPU
		{B19B52ED-1942-4DBC-B5AD-993B7409C0F7}.Debug|Any CPU.Build.0 = Debug|Any CPU
		{B19B52ED-1942-4DBC-B5AD-993B7409C0F7}.Debug|ARM.ActiveCfg = Debug|Any CPU
		{B19B52ED-1942-4DBC-B5AD-993B7409C0F7}.Debug|ARM.Build.0 = Debug|Any CPU
		{B19B52ED-1942-4DBC-B5AD-993B7409C0F7}.Debug|ARM64.ActiveCfg = Debug|Any CPU
		{B19B52ED-1942-4DBC-B5AD-993B7409C0F7}.Debug|ARM64.Build.0 = Debug|Any CPU
		{B19B52ED-1942-4DBC-B5AD-993B7409C0F7}.Debug|x64.ActiveCfg = Debug|Any CPU
		{B19B52ED-1942-4DBC-B5AD-993B7409C0F7}.Debug|x64.Build.0 = Debug|Any CPU
		{B19B52ED-1942-4DBC-B5AD-993B7409C0F7}.Debug|x86.ActiveCfg = Debug|Any CPU
		{B19B52ED-1942-4DBC-B5AD-993B7409C0F7}.Debug|x86.Build.0 = Debug|Any CPU
		{B19B52ED-1942-4DBC-B5AD-993B7409C0F7}.Release|Any CPU.ActiveCfg = Release|Any CPU
		{B19B52ED-1942-4DBC-B5AD-993B7409C0F7}.Release|Any CPU.Build.0 = Release|Any CPU
		{B19B52ED-1942-4DBC-B5AD-993B7409C0F7}.Release|ARM.ActiveCfg = Release|Any CPU
		{B19B52ED-1942-4DBC-B5AD-993B7409C0F7}.Release|ARM.Build.0 = Release|Any CPU
		{B19B52ED-1942-4DBC-B5AD-993B7409C0F7}.Release|ARM64.ActiveCfg = Release|Any CPU
		{B19B52ED-1942-4DBC-B5AD-993B7409C0F7}.Release|ARM64.Build.0 = Release|Any CPU
		{B19B52ED-1942-4DBC-B5AD-993B7409C0F7}.Release|x64.ActiveCfg = Release|Any CPU
		{B19B52ED-1942-4DBC-B5AD-993B7409C0F7}.Release|x64.Build.0 = Release|Any CPU
		{B19B52ED-1942-4DBC-B5AD-993B7409C0F7}.Release|x86.ActiveCfg = Release|Any CPU
		{B19B52ED-1942-4DBC-B5AD-993B7409C0F7}.Release|x86.Build.0 = Release|Any CPU
	EndGlobalSection
	GlobalSection(SolutionProperties) = preSolution
		HideSolutionNode = FALSE
	EndGlobalSection
	GlobalSection(ExtensibilityGlobals) = postSolution
		SolutionGuid = {EF757E20-8343-493C-9C25-49422C58DAAC}
	EndGlobalSection
EndGlobal
